
Microsoft Visual Studio Solution File, Format Version 12.00
# Visual Studio Version 16
VisualStudioVersion = 16.0.29509.3
MinimumVisualStudioVersion = 10.0.40219.1
Project("{FAE04EC0-301F-11D3-BF4B-00C04F79EFBC}") = "Deliverable_1_Ody", "Deliverable_1_Ody\Deliverable_1_Ody.csproj", "{7A6EC122-F950-4275-8917-46C7A39FDFA9}"
EndProject
Global
	GlobalSection(SolutionConfigurationPlatforms) = preSolution
		Debug|Any CPU = Debug|Any CPU
		Release|Any CPU = Release|Any CPU
	EndGlobalSection
	GlobalSection(ProjectConfigurationPlatforms) = postSolution
		{7A6EC122-F950-4275-8917-46C7A39FDFA9}.Debug|Any CPU.ActiveCfg = Debug|Any CPU
		{7A6EC122-F950-4275-8917-46C7A39FDFA9}.Debug|Any CPU.Build.0 = Debug|Any CPU
		{7A6EC122-F950-4275-8917-46C7A39FDFA9}.Release|Any CPU.ActiveCfg = Release|Any CPU
		{7A6EC122-F950-4275-8917-46C7A39FDFA9}.Release|Any CPU.Build.0 = Release|Any CPU
	EndGlobalSection
	GlobalSection(SolutionProperties) = preSolution
		HideSolutionNode = FALSE
	EndGlobalSection
	GlobalSection(ExtensibilityGlobals) = postSolution
		SolutionGuid = {A2B2D18C-371A-4466-9A26-E92859760D6C}
	EndGlobalSection
EndGlobal
